// !$*UTF8*$!
{
	archiveVersion = 1;
	classes = {
	};
	objectVersion = 51;
	objects = {

/* Begin PBXBuildFile section */
		955EBD442329857F008F9A4D /* ImagePicker.framework in Frameworks */ = {isa = PBXBuildFile; fileRef = 955EBD3D2329857F008F9A4D /* ImagePicker.framework */; };
		955EBD452329857F008F9A4D /* ImagePicker.framework in Embed Frameworks */ = {isa = PBXBuildFile; fileRef = 955EBD3D2329857F008F9A4D /* ImagePicker.framework */; settings = {ATTRIBUTES = (CodeSignOnCopy, RemoveHeadersOnCopy, ); }; };
		955EBD4A2329858B008F9A4D /* ImagePicker.swift in Sources */ = {isa = PBXBuildFile; fileRef = 9559AA07232544C400D6DEBC /* ImagePicker.swift */; };
		955EBD4B2329858B008F9A4D /* ImagePickerLayout.swift in Sources */ = {isa = PBXBuildFile; fileRef = 9559AA0A23258D2300D6DEBC /* ImagePickerLayout.swift */; };
		955EBD4C2329858B008F9A4D /* ImagePickerCell.swift in Sources */ = {isa = PBXBuildFile; fileRef = 9559AA0C23258EA700D6DEBC /* ImagePickerCell.swift */; };
		955EBD4D2329858B008F9A4D /* ImagePickerCheckmark.swift in Sources */ = {isa = PBXBuildFile; fileRef = 9559AA0E23258F1200D6DEBC /* ImagePickerCheckmark.swift */; };
		955EBD4E2329858B008F9A4D /* ImageProvider.swift in Sources */ = {isa = PBXBuildFile; fileRef = 9559AA102325931C00D6DEBC /* ImageProvider.swift */; };
		955EBD5423298791008F9A4D /* ViewController.swift in Sources */ = {isa = PBXBuildFile; fileRef = 955EBD5123298791008F9A4D /* ViewController.swift */; };
		955EBD5523298791008F9A4D /* AppDelegate.swift in Sources */ = {isa = PBXBuildFile; fileRef = 955EBD5223298791008F9A4D /* AppDelegate.swift */; };
		955EBD5623298791008F9A4D /* SceneDelegate.swift in Sources */ = {isa = PBXBuildFile; fileRef = 955EBD5323298791008F9A4D /* SceneDelegate.swift */; };
		955EBD6323298803008F9A4D /* Main.storyboard in Resources */ = {isa = PBXBuildFile; fileRef = 955EBD5F23298803008F9A4D /* Main.storyboard */; };
		955EBD6423298803008F9A4D /* LaunchScreen.storyboard in Resources */ = {isa = PBXBuildFile; fileRef = 955EBD6123298803008F9A4D /* LaunchScreen.storyboard */; };
		955EBD7D23298B59008F9A4D /* Assets.xcassets in Resources */ = {isa = PBXBuildFile; fileRef = 9559A9EE23252EC500D6DEBC /* Assets.xcassets */; };
		955EBD7E23298B75008F9A4D /* Assets.xcassets in Resources */ = {isa = PBXBuildFile; fileRef = 9559A9EE23252EC500D6DEBC /* Assets.xcassets */; };
		955EBD8523298D9E008F9A4D /* Photos.framework in Frameworks */ = {isa = PBXBuildFile; fileRef = 955EBD8423298D9E008F9A4D /* Photos.framework */; };
		955EBD87232990BC008F9A4D /* ImagePicker.h in Headers */ = {isa = PBXBuildFile; fileRef = 955EBD86232990BC008F9A4D /* ImagePicker.h */; settings = {ATTRIBUTES = (Public, ); }; };
		955EBD8C232A44F6008F9A4D /* Photos.framework in Frameworks */ = {isa = PBXBuildFile; fileRef = 955EBD8423298D9E008F9A4D /* Photos.framework */; };
		9E11ED9D53EE6C7ED855FDD3 /* Pods_ImagePicker.framework in Frameworks */ = {isa = PBXBuildFile; fileRef = 4AD7453B6753D066994791C1 /* Pods_ImagePicker.framework */; };
		CBD06BC600BA0FE28B628F60 /* Pods_Example.framework in Frameworks */ = {isa = PBXBuildFile; fileRef = DE33506BB48038C212572890 /* Pods_Example.framework */; };
/* End PBXBuildFile section */

/* Begin PBXContainerItemProxy section */
		955EBD422329857F008F9A4D /* PBXContainerItemProxy */ = {
			isa = PBXContainerItemProxy;
			containerPortal = 9559A9DA23252EC400D6DEBC /* Project object */;
			proxyType = 1;
			remoteGlobalIDString = 955EBD3C2329857F008F9A4D;
			remoteInfo = ImagePicker;
		};
/* End PBXContainerItemProxy section */

/* Begin PBXCopyFilesBuildPhase section */
		955EBD492329857F008F9A4D /* Embed Frameworks */ = {
			isa = PBXCopyFilesBuildPhase;
			buildActionMask = 2147483647;
			dstPath = "";
			dstSubfolderSpec = 10;
			files = (
				955EBD452329857F008F9A4D /* ImagePicker.framework in Embed Frameworks */,
			);
			name = "Embed Frameworks";
			runOnlyForDeploymentPostprocessing = 0;
		};
/* End PBXCopyFilesBuildPhase section */

/* Begin PBXFileReference section */
		2039EE136A10870292032D09 /* Pods-Example.release.xcconfig */ = {isa = PBXFileReference; includeInIndex = 1; lastKnownFileType = text.xcconfig; name = "Pods-Example.release.xcconfig"; path = "Target Support Files/Pods-Example/Pods-Example.release.xcconfig"; sourceTree = "<group>"; };
		4AD7453B6753D066994791C1 /* Pods_ImagePicker.framework */ = {isa = PBXFileReference; explicitFileType = wrapper.framework; includeInIndex = 0; path = Pods_ImagePicker.framework; sourceTree = BUILT_PRODUCTS_DIR; };
		50376C0363ECAEDAEA130310 /* Pods-Example.debug.xcconfig */ = {isa = PBXFileReference; includeInIndex = 1; lastKnownFileType = text.xcconfig; name = "Pods-Example.debug.xcconfig"; path = "Target Support Files/Pods-Example/Pods-Example.debug.xcconfig"; sourceTree = "<group>"; };
		724E1C9B3F2EF5409DE39CDC /* Pods-ImagePicker.release.xcconfig */ = {isa = PBXFileReference; includeInIndex = 1; lastKnownFileType = text.xcconfig; name = "Pods-ImagePicker.release.xcconfig"; path = "Target Support Files/Pods-ImagePicker/Pods-ImagePicker.release.xcconfig"; sourceTree = "<group>"; };
		9559A9E223252EC400D6DEBC /* Example.app */ = {isa = PBXFileReference; explicitFileType = wrapper.application; includeInIndex = 0; path = Example.app; sourceTree = BUILT_PRODUCTS_DIR; };
		9559A9EE23252EC500D6DEBC /* Assets.xcassets */ = {isa = PBXFileReference; lastKnownFileType = folder.assetcatalog; path = Assets.xcassets; sourceTree = "<group>"; };
		9559AA07232544C400D6DEBC /* ImagePicker.swift */ = {isa = PBXFileReference; lastKnownFileType = sourcecode.swift; path = ImagePicker.swift; sourceTree = "<group>"; };
		9559AA0A23258D2300D6DEBC /* ImagePickerLayout.swift */ = {isa = PBXFileReference; lastKnownFileType = sourcecode.swift; path = ImagePickerLayout.swift; sourceTree = "<group>"; };
		9559AA0C23258EA700D6DEBC /* ImagePickerCell.swift */ = {isa = PBXFileReference; lastKnownFileType = sourcecode.swift; path = ImagePickerCell.swift; sourceTree = "<group>"; };
		9559AA0E23258F1200D6DEBC /* ImagePickerCheckmark.swift */ = {isa = PBXFileReference; lastKnownFileType = sourcecode.swift; path = ImagePickerCheckmark.swift; sourceTree = "<group>"; };
		9559AA102325931C00D6DEBC /* ImageProvider.swift */ = {isa = PBXFileReference; lastKnownFileType = sourcecode.swift; path = ImageProvider.swift; sourceTree = "<group>"; };
		955EBD3D2329857F008F9A4D /* ImagePicker.framework */ = {isa = PBXFileReference; explicitFileType = wrapper.framework; includeInIndex = 0; path = ImagePicker.framework; sourceTree = BUILT_PRODUCTS_DIR; };
		955EBD5123298791008F9A4D /* ViewController.swift */ = {isa = PBXFileReference; fileEncoding = 4; lastKnownFileType = sourcecode.swift; path = ViewController.swift; sourceTree = "<group>"; };
		955EBD5223298791008F9A4D /* AppDelegate.swift */ = {isa = PBXFileReference; fileEncoding = 4; lastKnownFileType = sourcecode.swift; path = AppDelegate.swift; sourceTree = "<group>"; };
		955EBD5323298791008F9A4D /* SceneDelegate.swift */ = {isa = PBXFileReference; fileEncoding = 4; lastKnownFileType = sourcecode.swift; path = SceneDelegate.swift; sourceTree = "<group>"; };
		955EBD6023298803008F9A4D /* Base */ = {isa = PBXFileReference; lastKnownFileType = file.storyboard; name = Base; path = Base.lproj/Main.storyboard; sourceTree = "<group>"; };
		955EBD6223298803008F9A4D /* Base */ = {isa = PBXFileReference; lastKnownFileType = file.storyboard; name = Base; path = Base.lproj/LaunchScreen.storyboard; sourceTree = "<group>"; };
		955EBD6923298873008F9A4D /* Info.plist */ = {isa = PBXFileReference; fileEncoding = 4; lastKnownFileType = text.plist.xml; path = Info.plist; sourceTree = "<group>"; };
		955EBD7423298A89008F9A4D /* Info.plist */ = {isa = PBXFileReference; fileEncoding = 4; lastKnownFileType = text.plist.xml; path = Info.plist; sourceTree = "<group>"; };
		955EBD8423298D9E008F9A4D /* Photos.framework */ = {isa = PBXFileReference; lastKnownFileType = wrapper.framework; name = Photos.framework; path = System/Library/Frameworks/Photos.framework; sourceTree = SDKROOT; };
		955EBD86232990BC008F9A4D /* ImagePicker.h */ = {isa = PBXFileReference; fileEncoding = 4; lastKnownFileType = sourcecode.c.h; path = ImagePicker.h; sourceTree = "<group>"; };
		AA8D0D971B8500D3C4E24855 /* Pods-ImagePicker.debug.xcconfig */ = {isa = PBXFileReference; includeInIndex = 1; lastKnownFileType = text.xcconfig; name = "Pods-ImagePicker.debug.xcconfig"; path = "Target Support Files/Pods-ImagePicker/Pods-ImagePicker.debug.xcconfig"; sourceTree = "<group>"; };
		DE33506BB48038C212572890 /* Pods_Example.framework */ = {isa = PBXFileReference; explicitFileType = wrapper.framework; includeInIndex = 0; path = Pods_Example.framework; sourceTree = BUILT_PRODUCTS_DIR; };
/* End PBXFileReference section */

/* Begin PBXFrameworksBuildPhase section */
		9559A9DF23252EC400D6DEBC /* Frameworks */ = {
			isa = PBXFrameworksBuildPhase;
			buildActionMask = 2147483647;
			files = (
				955EBD8523298D9E008F9A4D /* Photos.framework in Frameworks */,
				955EBD442329857F008F9A4D /* ImagePicker.framework in Frameworks */,
				CBD06BC600BA0FE28B628F60 /* Pods_Example.framework in Frameworks */,
			);
			runOnlyForDeploymentPostprocessing = 0;
		};
		955EBD3A2329857F008F9A4D /* Frameworks */ = {
			isa = PBXFrameworksBuildPhase;
			buildActionMask = 2147483647;
			files = (
				9E11ED9D53EE6C7ED855FDD3 /* Pods_ImagePicker.framework in Frameworks */,
				955EBD8C232A44F6008F9A4D /* Photos.framework in Frameworks */,
			);
			runOnlyForDeploymentPostprocessing = 0;
		};
/* End PBXFrameworksBuildPhase section */

/* Begin PBXGroup section */
		9559A9D923252EC400D6DEBC = {
			isa = PBXGroup;
			children = (
				9559A9E423252EC400D6DEBC /* ImagePicker */,
				9559A9E323252EC400D6DEBC /* Products */,
				955EBD8123298D8F008F9A4D /* Frameworks */,
				C0EC5FD48433E322B1A988B6 /* Pods */,
			);
			sourceTree = "<group>";
		};
		9559A9E323252EC400D6DEBC /* Products */ = {
			isa = PBXGroup;
			children = (
				9559A9E223252EC400D6DEBC /* Example.app */,
				955EBD3D2329857F008F9A4D /* ImagePicker.framework */,
			);
			name = Products;
			sourceTree = "<group>";
		};
		9559A9E423252EC400D6DEBC /* ImagePicker */ = {
			isa = PBXGroup;
			children = (
				955EBD5023298791008F9A4D /* Example */,
				955EBD6C23298891008F9A4D /* Sources */,
			);
			path = ImagePicker;
			sourceTree = "<group>";
		};
		955EBD5023298791008F9A4D /* Example */ = {
			isa = PBXGroup;
			children = (
				955EBD5123298791008F9A4D /* ViewController.swift */,
				955EBD5223298791008F9A4D /* AppDelegate.swift */,
				955EBD5323298791008F9A4D /* SceneDelegate.swift */,
				955EBD57232987D6008F9A4D /* Resources */,
				955EBD6E23298993008F9A4D /* Supporting Files */,
			);
			path = Example;
			sourceTree = "<group>";
		};
		955EBD57232987D6008F9A4D /* Resources */ = {
			isa = PBXGroup;
			children = (
				955EBD6123298803008F9A4D /* LaunchScreen.storyboard */,
				955EBD5F23298803008F9A4D /* Main.storyboard */,
			);
			path = Resources;
			sourceTree = "<group>";
		};
		955EBD6823298873008F9A4D /* Supporting Files */ = {
			isa = PBXGroup;
			children = (
				955EBD86232990BC008F9A4D /* ImagePicker.h */,
				955EBD6923298873008F9A4D /* Info.plist */,
			);
			path = "Supporting Files";
			sourceTree = "<group>";
		};
		955EBD6C23298891008F9A4D /* Sources */ = {
			isa = PBXGroup;
			children = (
				9559AA07232544C400D6DEBC /* ImagePicker.swift */,
				9559AA0A23258D2300D6DEBC /* ImagePickerLayout.swift */,
				9559AA0C23258EA700D6DEBC /* ImagePickerCell.swift */,
				9559AA0E23258F1200D6DEBC /* ImagePickerCheckmark.swift */,
				9559AA102325931C00D6DEBC /* ImageProvider.swift */,
				955EBD6D232988B8008F9A4D /* Resources */,
				955EBD6823298873008F9A4D /* Supporting Files */,
			);
			path = Sources;
			sourceTree = "<group>";
		};
		955EBD6D232988B8008F9A4D /* Resources */ = {
			isa = PBXGroup;
			children = (
				9559A9EE23252EC500D6DEBC /* Assets.xcassets */,
			);
			path = Resources;
			sourceTree = "<group>";
		};
		955EBD6E23298993008F9A4D /* Supporting Files */ = {
			isa = PBXGroup;
			children = (
				955EBD7423298A89008F9A4D /* Info.plist */,
			);
			path = "Supporting Files";
			sourceTree = "<group>";
		};
		955EBD8123298D8F008F9A4D /* Frameworks */ = {
			isa = PBXGroup;
			children = (
				955EBD8423298D9E008F9A4D /* Photos.framework */,
				DE33506BB48038C212572890 /* Pods_Example.framework */,
				4AD7453B6753D066994791C1 /* Pods_ImagePicker.framework */,
			);
			name = Frameworks;
			sourceTree = "<group>";
		};
		C0EC5FD48433E322B1A988B6 /* Pods */ = {
			isa = PBXGroup;
			children = (
				50376C0363ECAEDAEA130310 /* Pods-Example.debug.xcconfig */,
				2039EE136A10870292032D09 /* Pods-Example.release.xcconfig */,
				AA8D0D971B8500D3C4E24855 /* Pods-ImagePicker.debug.xcconfig */,
				724E1C9B3F2EF5409DE39CDC /* Pods-ImagePicker.release.xcconfig */,
			);
			path = Pods;
			sourceTree = "<group>";
		};
/* End PBXGroup section */

/* Begin PBXHeadersBuildPhase section */
		955EBD382329857F008F9A4D /* Headers */ = {
			isa = PBXHeadersBuildPhase;
			buildActionMask = 2147483647;
			files = (
				955EBD87232990BC008F9A4D /* ImagePicker.h in Headers */,
			);
			runOnlyForDeploymentPostprocessing = 0;
		};
/* End PBXHeadersBuildPhase section */

/* Begin PBXNativeTarget section */
		9559A9E123252EC400D6DEBC /* Example */ = {
			isa = PBXNativeTarget;
			buildConfigurationList = 9559A9F623252EC500D6DEBC /* Build configuration list for PBXNativeTarget "Example" */;
			buildPhases = (
				A213396748BA874C5E13943A /* [CP] Check Pods Manifest.lock */,
				9559A9DE23252EC400D6DEBC /* Sources */,
				9559A9DF23252EC400D6DEBC /* Frameworks */,
				9559A9E023252EC400D6DEBC /* Resources */,
				955EBD492329857F008F9A4D /* Embed Frameworks */,
				1F381166F7A0D36D92FACC73 /* [CP] Embed Pods Frameworks */,
			);
			buildRules = (
			);
			dependencies = (
				955EBD432329857F008F9A4D /* PBXTargetDependency */,
			);
			name = Example;
			productName = ImagePicker;
			productReference = 9559A9E223252EC400D6DEBC /* Example.app */;
			productType = "com.apple.product-type.application";
		};
		955EBD3C2329857F008F9A4D /* ImagePicker */ = {
			isa = PBXNativeTarget;
			buildConfigurationList = 955EBD462329857F008F9A4D /* Build configuration list for PBXNativeTarget "ImagePicker" */;
			buildPhases = (
				FFDDD16AF534C3FA105A32DF /* [CP] Check Pods Manifest.lock */,
				955EBD382329857F008F9A4D /* Headers */,
				955EBD392329857F008F9A4D /* Sources */,
				955EBD3A2329857F008F9A4D /* Frameworks */,
				955EBD3B2329857F008F9A4D /* Resources */,
			);
			buildRules = (
			);
			dependencies = (
			);
			name = ImagePicker;
			productName = ImagePicker;
			productReference = 955EBD3D2329857F008F9A4D /* ImagePicker.framework */;
			productType = "com.apple.product-type.framework";
		};
/* End PBXNativeTarget section */

/* Begin PBXProject section */
		9559A9DA23252EC400D6DEBC /* Project object */ = {
			isa = PBXProject;
			attributes = {
				LastSwiftUpdateCheck = 1100;
				LastUpgradeCheck = 1100;
				ORGANIZATIONNAME = Cocode;
				TargetAttributes = {
					9559A9E123252EC400D6DEBC = {
						CreatedOnToolsVersion = 11.0;
					};
					955EBD3C2329857F008F9A4D = {
						CreatedOnToolsVersion = 11.0;
					};
				};
			};
			buildConfigurationList = 9559A9DD23252EC400D6DEBC /* Build configuration list for PBXProject "ImagePicker" */;
			compatibilityVersion = "Xcode 9.3";
			developmentRegion = en;
			hasScannedForEncodings = 0;
			knownRegions = (
				en,
				Base,
			);
			mainGroup = 9559A9D923252EC400D6DEBC;
			productRefGroup = 9559A9E323252EC400D6DEBC /* Products */;
			projectDirPath = "";
			projectRoot = "";
			targets = (
				955EBD3C2329857F008F9A4D /* ImagePicker */,
				9559A9E123252EC400D6DEBC /* Example */,
			);
		};
/* End PBXProject section */

/* Begin PBXResourcesBuildPhase section */
		9559A9E023252EC400D6DEBC /* Resources */ = {
			isa = PBXResourcesBuildPhase;
			buildActionMask = 2147483647;
			files = (
				955EBD6423298803008F9A4D /* LaunchScreen.storyboard in Resources */,
				955EBD7E23298B75008F9A4D /* Assets.xcassets in Resources */,
				955EBD6323298803008F9A4D /* Main.storyboard in Resources */,
			);
			runOnlyForDeploymentPostprocessing = 0;
		};
		955EBD3B2329857F008F9A4D /* Resources */ = {
			isa = PBXResourcesBuildPhase;
			buildActionMask = 2147483647;
			files = (
				955EBD7D23298B59008F9A4D /* Assets.xcassets in Resources */,
			);
			runOnlyForDeploymentPostprocessing = 0;
		};
/* End PBXResourcesBuildPhase section */

/* Begin PBXShellScriptBuildPhase section */
		1F381166F7A0D36D92FACC73 /* [CP] Embed Pods Frameworks */ = {
			isa = PBXShellScriptBuildPhase;
			buildActionMask = 2147483647;
			files = (
			);
			inputFileListPaths = (
				"${PODS_ROOT}/Target Support Files/Pods-Example/Pods-Example-frameworks-${CONFIGURATION}-input-files.xcfilelist",
			);
			name = "[CP] Embed Pods Frameworks";
			outputFileListPaths = (
				"${PODS_ROOT}/Target Support Files/Pods-Example/Pods-Example-frameworks-${CONFIGURATION}-output-files.xcfilelist",
			);
			runOnlyForDeploymentPostprocessing = 0;
			shellPath = /bin/sh;
			shellScript = "\"${PODS_ROOT}/Target Support Files/Pods-Example/Pods-Example-frameworks.sh\"\n";
			showEnvVarsInLog = 0;
		};
		A213396748BA874C5E13943A /* [CP] Check Pods Manifest.lock */ = {
			isa = PBXShellScriptBuildPhase;
			buildActionMask = 2147483647;
			files = (
			);
			inputFileListPaths = (
			);
			inputPaths = (
				"${PODS_PODFILE_DIR_PATH}/Podfile.lock",
				"${PODS_ROOT}/Manifest.lock",
			);
			name = "[CP] Check Pods Manifest.lock";
			outputFileListPaths = (
			);
			outputPaths = (
				"$(DERIVED_FILE_DIR)/Pods-Example-checkManifestLockResult.txt",
			);
			runOnlyForDeploymentPostprocessing = 0;
			shellPath = /bin/sh;
			shellScript = "diff \"${PODS_PODFILE_DIR_PATH}/Podfile.lock\" \"${PODS_ROOT}/Manifest.lock\" > /dev/null\nif [ $? != 0 ] ; then\n    # print error to STDERR\n    echo \"error: The sandbox is not in sync with the Podfile.lock. Run 'pod install' or update your CocoaPods installation.\" >&2\n    exit 1\nfi\n# This output is used by Xcode 'outputs' to avoid re-running this script phase.\necho \"SUCCESS\" > \"${SCRIPT_OUTPUT_FILE_0}\"\n";
			showEnvVarsInLog = 0;
		};
		FFDDD16AF534C3FA105A32DF /* [CP] Check Pods Manifest.lock */ = {
			isa = PBXShellScriptBuildPhase;
			buildActionMask = 2147483647;
			files = (
			);
			inputFileListPaths = (
			);
			inputPaths = (
				"${PODS_PODFILE_DIR_PATH}/Podfile.lock",
				"${PODS_ROOT}/Manifest.lock",
			);
			name = "[CP] Check Pods Manifest.lock";
			outputFileListPaths = (
			);
			outputPaths = (
				"$(DERIVED_FILE_DIR)/Pods-ImagePicker-checkManifestLockResult.txt",
			);
			runOnlyForDeploymentPostprocessing = 0;
			shellPath = /bin/sh;
			shellScript = "diff \"${PODS_PODFILE_DIR_PATH}/Podfile.lock\" \"${PODS_ROOT}/Manifest.lock\" > /dev/null\nif [ $? != 0 ] ; then\n    # print error to STDERR\n    echo \"error: The sandbox is not in sync with the Podfile.lock. Run 'pod install' or update your CocoaPods installation.\" >&2\n    exit 1\nfi\n# This output is used by Xcode 'outputs' to avoid re-running this script phase.\necho \"SUCCESS\" > \"${SCRIPT_OUTPUT_FILE_0}\"\n";
			showEnvVarsInLog = 0;
		};
/* End PBXShellScriptBuildPhase section */

/* Begin PBXSourcesBuildPhase section */
		9559A9DE23252EC400D6DEBC /* Sources */ = {
			isa = PBXSourcesBuildPhase;
			buildActionMask = 2147483647;
			files = (
				955EBD5523298791008F9A4D /* AppDelegate.swift in Sources */,
				955EBD5423298791008F9A4D /* ViewController.swift in Sources */,
				955EBD5623298791008F9A4D /* SceneDelegate.swift in Sources */,
			);
			runOnlyForDeploymentPostprocessing = 0;
		};
		955EBD392329857F008F9A4D /* Sources */ = {
			isa = PBXSourcesBuildPhase;
			buildActionMask = 2147483647;
			files = (
				955EBD4E2329858B008F9A4D /* ImageProvider.swift in Sources */,
				955EBD4C2329858B008F9A4D /* ImagePickerCell.swift in Sources */,
				955EBD4A2329858B008F9A4D /* ImagePicker.swift in Sources */,
				955EBD4B2329858B008F9A4D /* ImagePickerLayout.swift in Sources */,
				955EBD4D2329858B008F9A4D /* ImagePickerCheckmark.swift in Sources */,
			);
			runOnlyForDeploymentPostprocessing = 0;
		};
/* End PBXSourcesBuildPhase section */

/* Begin PBXTargetDependency section */
		955EBD432329857F008F9A4D /* PBXTargetDependency */ = {
			isa = PBXTargetDependency;
			target = 955EBD3C2329857F008F9A4D /* ImagePicker */;
			targetProxy = 955EBD422329857F008F9A4D /* PBXContainerItemProxy */;
		};
/* End PBXTargetDependency section */

/* Begin PBXVariantGroup section */
		955EBD5F23298803008F9A4D /* Main.storyboard */ = {
			isa = PBXVariantGroup;
			children = (
				955EBD6023298803008F9A4D /* Base */,
			);
			name = Main.storyboard;
			sourceTree = "<group>";
		};
		955EBD6123298803008F9A4D /* LaunchScreen.storyboard */ = {
			isa = PBXVariantGroup;
			children = (
				955EBD6223298803008F9A4D /* Base */,
			);
			name = LaunchScreen.storyboard;
			sourceTree = "<group>";
		};
/* End PBXVariantGroup section */

/* Begin XCBuildConfiguration section */
		9559A9F423252EC500D6DEBC /* Debug */ = {
			isa = XCBuildConfiguration;
			buildSettings = {
				ALWAYS_SEARCH_USER_PATHS = NO;
				CLANG_ANALYZER_NONNULL = YES;
				CLANG_ANALYZER_NUMBER_OBJECT_CONVERSION = YES_AGGRESSIVE;
				CLANG_CXX_LANGUAGE_STANDARD = "gnu++14";
				CLANG_CXX_LIBRARY = "libc++";
				CLANG_ENABLE_MODULES = YES;
				CLANG_ENABLE_OBJC_ARC = YES;
				CLANG_ENABLE_OBJC_WEAK = YES;
				CLANG_WARN_BLOCK_CAPTURE_AUTORELEASING = YES;
				CLANG_WARN_BOOL_CONVERSION = YES;
				CLANG_WARN_COMMA = YES;
				CLANG_WARN_CONSTANT_CONVERSION = YES;
				CLANG_WARN_DEPRECATED_OBJC_IMPLEMENTATIONS = YES;
				CLANG_WARN_DIRECT_OBJC_ISA_USAGE = YES_ERROR;
				CLANG_WARN_DOCUMENTATION_COMMENTS = YES;
				CLANG_WARN_EMPTY_BODY = YES;
				CLANG_WARN_ENUM_CONVERSION = YES;
				CLANG_WARN_INFINITE_RECURSION = YES;
				CLANG_WARN_INT_CONVERSION = YES;
				CLANG_WARN_NON_LITERAL_NULL_CONVERSION = YES;
				CLANG_WARN_OBJC_IMPLICIT_RETAIN_SELF = YES;
				CLANG_WARN_OBJC_LITERAL_CONVERSION = YES;
				CLANG_WARN_OBJC_ROOT_CLASS = YES_ERROR;
				CLANG_WARN_RANGE_LOOP_ANALYSIS = YES;
				CLANG_WARN_STRICT_PROTOTYPES = YES;
				CLANG_WARN_SUSPICIOUS_MOVE = YES;
				CLANG_WARN_UNGUARDED_AVAILABILITY = YES_AGGRESSIVE;
				CLANG_WARN_UNREACHABLE_CODE = YES;
				CLANG_WARN__DUPLICATE_METHOD_MATCH = YES;
				COPY_PHASE_STRIP = NO;
				DEBUG_INFORMATION_FORMAT = dwarf;
				ENABLE_STRICT_OBJC_MSGSEND = YES;
				ENABLE_TESTABILITY = YES;
				GCC_C_LANGUAGE_STANDARD = gnu11;
				GCC_DYNAMIC_NO_PIC = NO;
				GCC_NO_COMMON_BLOCKS = YES;
				GCC_OPTIMIZATION_LEVEL = 0;
				GCC_PREPROCESSOR_DEFINITIONS = (
					"DEBUG=1",
					"$(inherited)",
				);
				GCC_WARN_64_TO_32_BIT_CONVERSION = YES;
				GCC_WARN_ABOUT_RETURN_TYPE = YES_ERROR;
				GCC_WARN_UNDECLARED_SELECTOR = YES;
				GCC_WARN_UNINITIALIZED_AUTOS = YES_AGGRESSIVE;
				GCC_WARN_UNUSED_FUNCTION = YES;
				GCC_WARN_UNUSED_VARIABLE = YES;
				IPHONEOS_DEPLOYMENT_TARGET = 13.0;
				MTL_ENABLE_DEBUG_INFO = INCLUDE_SOURCE;
				MTL_FAST_MATH = YES;
				ONLY_ACTIVE_ARCH = YES;
				SDKROOT = iphoneos;
				SWIFT_ACTIVE_COMPILATION_CONDITIONS = DEBUG;
				SWIFT_OPTIMIZATION_LEVEL = "-Onone";
			};
			name = Debug;
		};
		9559A9F523252EC500D6DEBC /* Release */ = {
			isa = XCBuildConfiguration;
			buildSettings = {
				ALWAYS_SEARCH_USER_PATHS = NO;
				CLANG_ANALYZER_NONNULL = YES;
				CLANG_ANALYZER_NUMBER_OBJECT_CONVERSION = YES_AGGRESSIVE;
				CLANG_CXX_LANGUAGE_STANDARD = "gnu++14";
				CLANG_CXX_LIBRARY = "libc++";
				CLANG_ENABLE_MODULES = YES;
				CLANG_ENABLE_OBJC_ARC = YES;
				CLANG_ENABLE_OBJC_WEAK = YES;
				CLANG_WARN_BLOCK_CAPTURE_AUTORELEASING = YES;
				CLANG_WARN_BOOL_CONVERSION = YES;
				CLANG_WARN_COMMA = YES;
				CLANG_WARN_CONSTANT_CONVERSION = YES;
				CLANG_WARN_DEPRECATED_OBJC_IMPLEMENTATIONS = YES;
				CLANG_WARN_DIRECT_OBJC_ISA_USAGE = YES_ERROR;
				CLANG_WARN_DOCUMENTATION_COMMENTS = YES;
				CLANG_WARN_EMPTY_BODY = YES;
				CLANG_WARN_ENUM_CONVERSION = YES;
				CLANG_WARN_INFINITE_RECURSION = YES;
				CLANG_WARN_INT_CONVERSION = YES;
				CLANG_WARN_NON_LITERAL_NULL_CONVERSION = YES;
				CLANG_WARN_OBJC_IMPLICIT_RETAIN_SELF = YES;
				CLANG_WARN_OBJC_LITERAL_CONVERSION = YES;
				CLANG_WARN_OBJC_ROOT_CLASS = YES_ERROR;
				CLANG_WARN_RANGE_LOOP_ANALYSIS = YES;
				CLANG_WARN_STRICT_PROTOTYPES = YES;
				CLANG_WARN_SUSPICIOUS_MOVE = YES;
				CLANG_WARN_UNGUARDED_AVAILABILITY = YES_AGGRESSIVE;
				CLANG_WARN_UNREACHABLE_CODE = YES;
				CLANG_WARN__DUPLICATE_METHOD_MATCH = YES;
				COPY_PHASE_STRIP = NO;
				DEBUG_INFORMATION_FORMAT = "dwarf-with-dsym";
				ENABLE_NS_ASSERTIONS = NO;
				ENABLE_STRICT_OBJC_MSGSEND = YES;
				GCC_C_LANGUAGE_STANDARD = gnu11;
				GCC_NO_COMMON_BLOCKS = YES;
				GCC_WARN_64_TO_32_BIT_CONVERSION = YES;
				GCC_WARN_ABOUT_RETURN_TYPE = YES_ERROR;
				GCC_WARN_UNDECLARED_SELECTOR = YES;
				GCC_WARN_UNINITIALIZED_AUTOS = YES_AGGRESSIVE;
				GCC_WARN_UNUSED_FUNCTION = YES;
				GCC_WARN_UNUSED_VARIABLE = YES;
				IPHONEOS_DEPLOYMENT_TARGET = 13.0;
				MTL_ENABLE_DEBUG_INFO = NO;
				MTL_FAST_MATH = YES;
				SDKROOT = iphoneos;
				SWIFT_COMPILATION_MODE = wholemodule;
				SWIFT_OPTIMIZATION_LEVEL = "-O";
				VALIDATE_PRODUCT = YES;
			};
			name = Release;
		};
		9559A9F723252EC500D6DEBC /* Debug */ = {
			isa = XCBuildConfiguration;
			baseConfigurationReference = 50376C0363ECAEDAEA130310 /* Pods-Example.debug.xcconfig */;
			buildSettings = {
				ALWAYS_EMBED_SWIFT_STANDARD_LIBRARIES = YES;
				ASSETCATALOG_COMPILER_APPICON_NAME = AppIcon;
				CODE_SIGN_STYLE = Automatic;
				DEVELOPMENT_TEAM = P2BY58D85Z;
				INFOPLIST_FILE = "ImagePicker/Example/Supporting Files/Info.plist";
				LD_RUNPATH_SEARCH_PATHS = (
					"$(inherited)",
					"@executable_path/Frameworks",
				);
				PRODUCT_BUNDLE_IDENTIFIER = cocode.ImagePickerExample;
				PRODUCT_NAME = "$(TARGET_NAME)";
				SWIFT_VERSION = 5.0;
				TARGETED_DEVICE_FAMILY = "1,2";
			};
			name = Debug;
		};
		9559A9F823252EC500D6DEBC /* Release */ = {
			isa = XCBuildConfiguration;
			baseConfigurationReference = 2039EE136A10870292032D09 /* Pods-Example.release.xcconfig */;
			buildSettings = {
				ALWAYS_EMBED_SWIFT_STANDARD_LIBRARIES = YES;
				ASSETCATALOG_COMPILER_APPICON_NAME = AppIcon;
				CODE_SIGN_STYLE = Automatic;
				DEVELOPMENT_TEAM = P2BY58D85Z;
				INFOPLIST_FILE = "ImagePicker/Example/Supporting Files/Info.plist";
				LD_RUNPATH_SEARCH_PATHS = (
					"$(inherited)",
					"@executable_path/Frameworks",
				);
				PRODUCT_BUNDLE_IDENTIFIER = cocode.ImagePickerExample;
				PRODUCT_NAME = "$(TARGET_NAME)";
				SWIFT_VERSION = 5.0;
				TARGETED_DEVICE_FAMILY = "1,2";
			};
			name = Release;
		};
		955EBD472329857F008F9A4D /* Debug */ = {
			isa = XCBuildConfiguration;
			baseConfigurationReference = AA8D0D971B8500D3C4E24855 /* Pods-ImagePicker.debug.xcconfig */;
			buildSettings = {
				CODE_SIGN_STYLE = Automatic;
				CURRENT_PROJECT_VERSION = 1;
				DEFINES_MODULE = YES;
				DEVELOPMENT_TEAM = P2BY58D85Z;
				DYLIB_COMPATIBILITY_VERSION = 1;
				DYLIB_CURRENT_VERSION = 1;
				DYLIB_INSTALL_NAME_BASE = "@rpath";
				INFOPLIST_FILE = "ImagePicker/Sources/Supporting Files/Info.plist";
				INSTALL_PATH = "$(LOCAL_LIBRARY_DIR)/Frameworks";
				LD_RUNPATH_SEARCH_PATHS = (
					"$(inherited)",
					"@executable_path/Frameworks",
					"@loader_path/Frameworks",
				);
				PRODUCT_BUNDLE_IDENTIFIER = cocode.ImagePicker;
				PRODUCT_NAME = "$(TARGET_NAME:c99extidentifier)";
				SKIP_INSTALL = YES;
				SWIFT_VERSION = 5.0;
				TARGETED_DEVICE_FAMILY = "1,2";
				VERSIONING_SYSTEM = "apple-generic";
				VERSION_INFO_PREFIX = "";
			};
			name = Debug;
		};
		955EBD482329857F008F9A4D /* Release */ = {
			isa = XCBuildConfiguration;
			baseConfigurationReference = 724E1C9B3F2EF5409DE39CDC /* Pods-ImagePicker.release.xcconfig */;
			buildSettings = {
				CODE_SIGN_STYLE = Automatic;
				CURRENT_PROJECT_VERSION = 1;
				DEFINES_MODULE = YES;
				DEVELOPMENT_TEAM = P2BY58D85Z;
				DYLIB_COMPATIBILITY_VERSION = 1;
				DYLIB_CURRENT_VERSION = 1;
				DYLIB_INSTALL_NAME_BASE = "@rpath";
				INFOPLIST_FILE = "ImagePicker/Sources/Supporting Files/Info.plist";
				INSTALL_PATH = "$(LOCAL_LIBRARY_DIR)/Frameworks";
				LD_RUNPATH_SEARCH_PATHS = (
					"$(inherited)",
					"@executable_path/Frameworks",
					"@loader_path/Frameworks",
				);
				PRODUCT_BUNDLE_IDENTIFIER = cocode.ImagePicker;
				PRODUCT_NAME = "$(TARGET_NAME:c99extidentifier)";
				SKIP_INSTALL = YES;
				SWIFT_VERSION = 5.0;
				TARGETED_DEVICE_FAMILY = "1,2";
				VERSIONING_SYSTEM = "apple-generic";
				VERSION_INFO_PREFIX = "";
			};
			name = Release;
		};
/* End XCBuildConfiguration section */

/* Begin XCConfigurationList section */
		9559A9DD23252EC400D6DEBC /* Build configuration list for PBXProject "ImagePicker" */ = {
			isa = XCConfigurationList;
			buildConfigurations = (
				9559A9F423252EC500D6DEBC /* Debug */,
				9559A9F523252EC500D6DEBC /* Release */,
			);
			defaultConfigurationIsVisible = 0;
			defaultConfigurationName = Release;
		};
		9559A9F623252EC500D6DEBC /* Build configuration list for PBXNativeTarget "Example" */ = {
			isa = XCConfigurationList;
			buildConfigurations = (
				9559A9F723252EC500D6DEBC /* Debug */,
				9559A9F823252EC500D6DEBC /* Release */,
			);
			defaultConfigurationIsVisible = 0;
			defaultConfigurationName = Release;
		};
		955EBD462329857F008F9A4D /* Build configuration list for PBXNativeTarget "ImagePicker" */ = {
			isa = XCConfigurationList;
			buildConfigurations = (
				955EBD472329857F008F9A4D /* Debug */,
				955EBD482329857F008F9A4D /* Release */,
			);
			defaultConfigurationIsVisible = 0;
			defaultConfigurationName = Release;
		};
/* End XCConfigurationList section */
	};
	rootObject = 9559A9DA23252EC400D6DEBC /* Project object */;
}
